// !$*UTF8*$!
{
	archiveVersion = 1;
	classes = {
	};
	objectVersion = 51;
	objects = {

/* Begin PBXBuildFile section */
		6564DA1125FA7A9300B31619 /* AppDelegate.swift in Sources */ = {isa = PBXBuildFile; fileRef = 6564DA1025FA7A9300B31619 /* AppDelegate.swift */; };
		6564DA1325FA7A9300B31619 /* SceneDelegate.swift in Sources */ = {isa = PBXBuildFile; fileRef = 6564DA1225FA7A9300B31619 /* SceneDelegate.swift */; };
		6564DA1525FA7A9300B31619 /* CollectViewController.swift in Sources */ = {isa = PBXBuildFile; fileRef = 6564DA1425FA7A9300B31619 /* CollectViewController.swift */; };
		6564DA1825FA7A9300B31619 /* Main.storyboard in Resources */ = {isa = PBXBuildFile; fileRef = 6564DA1625FA7A9300B31619 /* Main.storyboard */; };
		6564DA1A25FA7A9A00B31619 /* Assets.xcassets in Resources */ = {isa = PBXBuildFile; fileRef = 6564DA1925FA7A9A00B31619 /* Assets.xcassets */; };
		6564DA1D25FA7A9A00B31619 /* LaunchScreen.storyboard in Resources */ = {isa = PBXBuildFile; fileRef = 6564DA1B25FA7A9A00B31619 /* LaunchScreen.storyboard */; };
		6564DA2825FA7A9B00B31619 /* List_RankerTests.swift in Sources */ = {isa = PBXBuildFile; fileRef = 6564DA2725FA7A9B00B31619 /* List_RankerTests.swift */; };
		6564DA3325FA7A9B00B31619 /* List_RankerUITests.swift in Sources */ = {isa = PBXBuildFile; fileRef = 6564DA3225FA7A9B00B31619 /* List_RankerUITests.swift */; };
		6564DA4525FA7BD500B31619 /* Node.swift in Sources */ = {isa = PBXBuildFile; fileRef = 6564DA4425FA7BD500B31619 /* Node.swift */; };
		6564DA4725FA7C1600B31619 /* BinaryTree.swift in Sources */ = {isa = PBXBuildFile; fileRef = 6564DA4625FA7C1600B31619 /* BinaryTree.swift */; };
		6564DA4925FA9C7300B31619 /* HomePageViewController.swift in Sources */ = {isa = PBXBuildFile; fileRef = 6564DA4825FA9C7300B31619 /* HomePageViewController.swift */; };
		6564DA4B25FA9CD400B31619 /* OptionsViewController.swift in Sources */ = {isa = PBXBuildFile; fileRef = 6564DA4A25FA9CD400B31619 /* OptionsViewController.swift */; };
		6564DA4D25FA9CF800B31619 /* ListEntryTableViewController.swift in Sources */ = {isa = PBXBuildFile; fileRef = 6564DA4C25FA9CF800B31619 /* ListEntryTableViewController.swift */; };
		6564DA4F25FA9D2000B31619 /* ComparisonViewController.swift in Sources */ = {isa = PBXBuildFile; fileRef = 6564DA4E25FA9D2000B31619 /* ComparisonViewController.swift */; };
		6564DA57260BC29800B31619 /* RankedTableViewController.swift in Sources */ = {isa = PBXBuildFile; fileRef = 6564DA56260BC29700B31619 /* RankedTableViewController.swift */; };
		658A1774263CA97E00A4F63E /* SavedList.swift in Sources */ = {isa = PBXBuildFile; fileRef = 658A1773263CA97E00A4F63E /* SavedList.swift */; };
		658A1777263DA55200A4F63E /* ListCollectionViewCell.swift in Sources */ = {isa = PBXBuildFile; fileRef = 658A1775263DA55200A4F63E /* ListCollectionViewCell.swift */; };
		658A1778263DA55200A4F63E /* ListCollectionViewCell.xib in Resources */ = {isa = PBXBuildFile; fileRef = 658A1776263DA55200A4F63E /* ListCollectionViewCell.xib */; };
		65CBCE8726449B0C00FE5CBA /* LoadListViewController.swift in Sources */ = {isa = PBXBuildFile; fileRef = 65CBCE8626449B0C00FE5CBA /* LoadListViewController.swift */; };
		A5CFD683C5B4E129927FABA2 /* Pods_List_Ranker.framework in Frameworks */ = {isa = PBXBuildFile; fileRef = 62F42F4802F41288C22EFFEF /* Pods_List_Ranker.framework */; };
/* End PBXBuildFile section */

/* Begin PBXContainerItemProxy section */
		6564DA2425FA7A9B00B31619 /* PBXContainerItemProxy */ = {
			isa = PBXContainerItemProxy;
			containerPortal = 6564DA0525FA7A9200B31619 /* Project object */;
			proxyType = 1;
			remoteGlobalIDString = 6564DA0C25FA7A9300B31619;
			remoteInfo = "List Ranker";
		};
		6564DA2F25FA7A9B00B31619 /* PBXContainerItemProxy */ = {
			isa = PBXContainerItemProxy;
			containerPortal = 6564DA0525FA7A9200B31619 /* Project object */;
			proxyType = 1;
			remoteGlobalIDString = 6564DA0C25FA7A9300B31619;
			remoteInfo = "List Ranker";
		};
/* End PBXContainerItemProxy section */

/* Begin PBXFileReference section */
		62F42F4802F41288C22EFFEF /* Pods_List_Ranker.framework */ = {isa = PBXFileReference; explicitFileType = wrapper.framework; includeInIndex = 0; path = Pods_List_Ranker.framework; sourceTree = BUILT_PRODUCTS_DIR; };
		6564DA0D25FA7A9300B31619 /* List Ranker.app */ = {isa = PBXFileReference; explicitFileType = wrapper.application; includeInIndex = 0; path = "List Ranker.app"; sourceTree = BUILT_PRODUCTS_DIR; };
		6564DA1025FA7A9300B31619 /* AppDelegate.swift */ = {isa = PBXFileReference; lastKnownFileType = sourcecode.swift; path = AppDelegate.swift; sourceTree = "<group>"; };
		6564DA1225FA7A9300B31619 /* SceneDelegate.swift */ = {isa = PBXFileReference; lastKnownFileType = sourcecode.swift; path = SceneDelegate.swift; sourceTree = "<group>"; };
		6564DA1425FA7A9300B31619 /* CollectViewController.swift */ = {isa = PBXFileReference; lastKnownFileType = sourcecode.swift; path = CollectViewController.swift; sourceTree = "<group>"; };
		6564DA1725FA7A9300B31619 /* Base */ = {isa = PBXFileReference; lastKnownFileType = file.storyboard; name = Base; path = Base.lproj/Main.storyboard; sourceTree = "<group>"; };
		6564DA1925FA7A9A00B31619 /* Assets.xcassets */ = {isa = PBXFileReference; lastKnownFileType = folder.assetcatalog; path = Assets.xcassets; sourceTree = "<group>"; };
		6564DA1C25FA7A9A00B31619 /* Base */ = {isa = PBXFileReference; lastKnownFileType = file.storyboard; name = Base; path = Base.lproj/LaunchScreen.storyboard; sourceTree = "<group>"; };
		6564DA1E25FA7A9A00B31619 /* Info.plist */ = {isa = PBXFileReference; lastKnownFileType = text.plist.xml; path = Info.plist; sourceTree = "<group>"; };
		6564DA2325FA7A9B00B31619 /* List RankerTests.xctest */ = {isa = PBXFileReference; explicitFileType = wrapper.cfbundle; includeInIndex = 0; path = "List RankerTests.xctest"; sourceTree = BUILT_PRODUCTS_DIR; };
		6564DA2725FA7A9B00B31619 /* List_RankerTests.swift */ = {isa = PBXFileReference; lastKnownFileType = sourcecode.swift; path = List_RankerTests.swift; sourceTree = "<group>"; };
		6564DA2925FA7A9B00B31619 /* Info.plist */ = {isa = PBXFileReference; lastKnownFileType = text.plist.xml; path = Info.plist; sourceTree = "<group>"; };
		6564DA2E25FA7A9B00B31619 /* List RankerUITests.xctest */ = {isa = PBXFileReference; explicitFileType = wrapper.cfbundle; includeInIndex = 0; path = "List RankerUITests.xctest"; sourceTree = BUILT_PRODUCTS_DIR; };
		6564DA3225FA7A9B00B31619 /* List_RankerUITests.swift */ = {isa = PBXFileReference; lastKnownFileType = sourcecode.swift; path = List_RankerUITests.swift; sourceTree = "<group>"; };
		6564DA3425FA7A9B00B31619 /* Info.plist */ = {isa = PBXFileReference; lastKnownFileType = text.plist.xml; path = Info.plist; sourceTree = "<group>"; };
		6564DA4425FA7BD500B31619 /* Node.swift */ = {isa = PBXFileReference; lastKnownFileType = sourcecode.swift; path = Node.swift; sourceTree = "<group>"; };
		6564DA4625FA7C1600B31619 /* BinaryTree.swift */ = {isa = PBXFileReference; lastKnownFileType = sourcecode.swift; path = BinaryTree.swift; sourceTree = "<group>"; };
		6564DA4825FA9C7300B31619 /* HomePageViewController.swift */ = {isa = PBXFileReference; lastKnownFileType = sourcecode.swift; path = HomePageViewController.swift; sourceTree = "<group>"; };
		6564DA4A25FA9CD400B31619 /* OptionsViewController.swift */ = {isa = PBXFileReference; lastKnownFileType = sourcecode.swift; path = OptionsViewController.swift; sourceTree = "<group>"; };
		6564DA4C25FA9CF800B31619 /* ListEntryTableViewController.swift */ = {isa = PBXFileReference; lastKnownFileType = sourcecode.swift; path = ListEntryTableViewController.swift; sourceTree = "<group>"; };
		6564DA4E25FA9D2000B31619 /* ComparisonViewController.swift */ = {isa = PBXFileReference; lastKnownFileType = sourcecode.swift; path = ComparisonViewController.swift; sourceTree = "<group>"; };
		6564DA56260BC29700B31619 /* RankedTableViewController.swift */ = {isa = PBXFileReference; lastKnownFileType = sourcecode.swift; path = RankedTableViewController.swift; sourceTree = "<group>"; };
		658A1773263CA97E00A4F63E /* SavedList.swift */ = {isa = PBXFileReference; lastKnownFileType = sourcecode.swift; path = SavedList.swift; sourceTree = "<group>"; };
		658A1775263DA55200A4F63E /* ListCollectionViewCell.swift */ = {isa = PBXFileReference; lastKnownFileType = sourcecode.swift; path = ListCollectionViewCell.swift; sourceTree = "<group>"; };
		658A1776263DA55200A4F63E /* ListCollectionViewCell.xib */ = {isa = PBXFileReference; lastKnownFileType = file.xib; path = ListCollectionViewCell.xib; sourceTree = "<group>"; };
		65CBCE8626449B0C00FE5CBA /* LoadListViewController.swift */ = {isa = PBXFileReference; lastKnownFileType = sourcecode.swift; path = LoadListViewController.swift; sourceTree = "<group>"; };
		73DFCF6045047536E00512C2 /* Pods-List Ranker.debug.xcconfig */ = {isa = PBXFileReference; includeInIndex = 1; lastKnownFileType = text.xcconfig; name = "Pods-List Ranker.debug.xcconfig"; path = "Target Support Files/Pods-List Ranker/Pods-List Ranker.debug.xcconfig"; sourceTree = "<group>"; };
		AEC234B1A4094A8A2843CF8F /* Pods-List Ranker.release.xcconfig */ = {isa = PBXFileReference; includeInIndex = 1; lastKnownFileType = text.xcconfig; name = "Pods-List Ranker.release.xcconfig"; path = "Target Support Files/Pods-List Ranker/Pods-List Ranker.release.xcconfig"; sourceTree = "<group>"; };
/* End PBXFileReference section */

/* Begin PBXFrameworksBuildPhase section */
		6564DA0A25FA7A9300B31619 /* Frameworks */ = {
			isa = PBXFrameworksBuildPhase;
			buildActionMask = 2147483647;
			files = (
				A5CFD683C5B4E129927FABA2 /* Pods_List_Ranker.framework in Frameworks */,
			);
			runOnlyForDeploymentPostprocessing = 0;
		};
		6564DA2025FA7A9B00B31619 /* Frameworks */ = {
			isa = PBXFrameworksBuildPhase;
			buildActionMask = 2147483647;
			files = (
			);
			runOnlyForDeploymentPostprocessing = 0;
		};
		6564DA2B25FA7A9B00B31619 /* Frameworks */ = {
			isa = PBXFrameworksBuildPhase;
			buildActionMask = 2147483647;
			files = (
			);
			runOnlyForDeploymentPostprocessing = 0;
		};
/* End PBXFrameworksBuildPhase section */

/* Begin PBXGroup section */
		62B83EA63AAE55B63D2B2048 /* Pods */ = {
			isa = PBXGroup;
			children = (
				73DFCF6045047536E00512C2 /* Pods-List Ranker.debug.xcconfig */,
				AEC234B1A4094A8A2843CF8F /* Pods-List Ranker.release.xcconfig */,
			);
			path = Pods;
			sourceTree = "<group>";
		};
		6564DA0425FA7A9200B31619 = {
			isa = PBXGroup;
			children = (
				6564DA0F25FA7A9300B31619 /* List Ranker */,
				6564DA2625FA7A9B00B31619 /* List RankerTests */,
				6564DA3125FA7A9B00B31619 /* List RankerUITests */,
				6564DA0E25FA7A9300B31619 /* Products */,
				62B83EA63AAE55B63D2B2048 /* Pods */,
				865EB8F9C901FE5460AF71A4 /* Frameworks */,
			);
			sourceTree = "<group>";
		};
		6564DA0E25FA7A9300B31619 /* Products */ = {
			isa = PBXGroup;
			children = (
				6564DA0D25FA7A9300B31619 /* List Ranker.app */,
				6564DA2325FA7A9B00B31619 /* List RankerTests.xctest */,
				6564DA2E25FA7A9B00B31619 /* List RankerUITests.xctest */,
			);
			name = Products;
			sourceTree = "<group>";
		};
		6564DA0F25FA7A9300B31619 /* List Ranker */ = {
			isa = PBXGroup;
			children = (
				6564DA4325FA7B9400B31619 /* Supporting Files */,
				6564DA4225FA7B6900B31619 /* Controllers */,
				6564DA4125FA7AD500B31619 /* Views */,
				6564DA4025FA7ABE00B31619 /* Data Model */,
				6564DA1925FA7A9A00B31619 /* Assets.xcassets */,
				6564DA1B25FA7A9A00B31619 /* LaunchScreen.storyboard */,
				6564DA1E25FA7A9A00B31619 /* Info.plist */,
			);
			path = "List Ranker";
			sourceTree = "<group>";
		};
		6564DA2625FA7A9B00B31619 /* List RankerTests */ = {
			isa = PBXGroup;
			children = (
				6564DA2725FA7A9B00B31619 /* List_RankerTests.swift */,
				6564DA2925FA7A9B00B31619 /* Info.plist */,
			);
			path = "List RankerTests";
			sourceTree = "<group>";
		};
		6564DA3125FA7A9B00B31619 /* List RankerUITests */ = {
			isa = PBXGroup;
			children = (
				6564DA3225FA7A9B00B31619 /* List_RankerUITests.swift */,
				6564DA3425FA7A9B00B31619 /* Info.plist */,
			);
			path = "List RankerUITests";
			sourceTree = "<group>";
		};
		6564DA4025FA7ABE00B31619 /* Data Model */ = {
			isa = PBXGroup;
			children = (
				6564DA4425FA7BD500B31619 /* Node.swift */,
				6564DA4625FA7C1600B31619 /* BinaryTree.swift */,
				658A1773263CA97E00A4F63E /* SavedList.swift */,
			);
			path = "Data Model";
			sourceTree = "<group>";
		};
		6564DA4125FA7AD500B31619 /* Views */ = {
			isa = PBXGroup;
			children = (
				6564DA1625FA7A9300B31619 /* Main.storyboard */,
			);
			path = Views;
			sourceTree = "<group>";
		};
		6564DA4225FA7B6900B31619 /* Controllers */ = {
			isa = PBXGroup;
			children = (
				6564DA1425FA7A9300B31619 /* CollectViewController.swift */,
				6564DA4825FA9C7300B31619 /* HomePageViewController.swift */,
				6564DA4A25FA9CD400B31619 /* OptionsViewController.swift */,
				6564DA4C25FA9CF800B31619 /* ListEntryTableViewController.swift */,
				6564DA4E25FA9D2000B31619 /* ComparisonViewController.swift */,
				6564DA56260BC29700B31619 /* RankedTableViewController.swift */,
				658A1775263DA55200A4F63E /* ListCollectionViewCell.swift */,
				658A1776263DA55200A4F63E /* ListCollectionViewCell.xib */,
				65CBCE8626449B0C00FE5CBA /* LoadListViewController.swift */,
			);
			path = Controllers;
			sourceTree = "<group>";
		};
		6564DA4325FA7B9400B31619 /* Supporting Files */ = {
			isa = PBXGroup;
			children = (
				6564DA1225FA7A9300B31619 /* SceneDelegate.swift */,
				6564DA1025FA7A9300B31619 /* AppDelegate.swift */,
			);
			path = "Supporting Files";
			sourceTree = "<group>";
		};
		865EB8F9C901FE5460AF71A4 /* Frameworks */ = {
			isa = PBXGroup;
			children = (
				62F42F4802F41288C22EFFEF /* Pods_List_Ranker.framework */,
			);
			name = Frameworks;
			sourceTree = "<group>";
		};
/* End PBXGroup section */

/* Begin PBXNativeTarget section */
		6564DA0C25FA7A9300B31619 /* List Ranker */ = {
			isa = PBXNativeTarget;
			buildConfigurationList = 6564DA3725FA7A9B00B31619 /* Build configuration list for PBXNativeTarget "List Ranker" */;
			buildPhases = (
				8A5F464C6C8B19A392CA43A7 /* [CP] Check Pods Manifest.lock */,
				6564DA0925FA7A9300B31619 /* Sources */,
				6564DA0A25FA7A9300B31619 /* Frameworks */,
				6564DA0B25FA7A9300B31619 /* Resources */,
				E475ABC7449E74D3D9DE519B /* [CP] Embed Pods Frameworks */,
			);
			buildRules = (
			);
			dependencies = (
			);
			name = "List Ranker";
			productName = "List Ranker";
			productReference = 6564DA0D25FA7A9300B31619 /* List Ranker.app */;
			productType = "com.apple.product-type.application";
		};
		6564DA2225FA7A9B00B31619 /* List RankerTests */ = {
			isa = PBXNativeTarget;
			buildConfigurationList = 6564DA3A25FA7A9B00B31619 /* Build configuration list for PBXNativeTarget "List RankerTests" */;
			buildPhases = (
				6564DA1F25FA7A9B00B31619 /* Sources */,
				6564DA2025FA7A9B00B31619 /* Frameworks */,
				6564DA2125FA7A9B00B31619 /* Resources */,
			);
			buildRules = (
			);
			dependencies = (
				6564DA2525FA7A9B00B31619 /* PBXTargetDependency */,
			);
			name = "List RankerTests";
			productName = "List RankerTests";
			productReference = 6564DA2325FA7A9B00B31619 /* List RankerTests.xctest */;
			productType = "com.apple.product-type.bundle.unit-test";
		};
		6564DA2D25FA7A9B00B31619 /* List RankerUITests */ = {
			isa = PBXNativeTarget;
			buildConfigurationList = 6564DA3D25FA7A9B00B31619 /* Build configuration list for PBXNativeTarget "List RankerUITests" */;
			buildPhases = (
				6564DA2A25FA7A9B00B31619 /* Sources */,
				6564DA2B25FA7A9B00B31619 /* Frameworks */,
				6564DA2C25FA7A9B00B31619 /* Resources */,
			);
			buildRules = (
			);
			dependencies = (
				6564DA3025FA7A9B00B31619 /* PBXTargetDependency */,
			);
			name = "List RankerUITests";
			productName = "List RankerUITests";
			productReference = 6564DA2E25FA7A9B00B31619 /* List RankerUITests.xctest */;
			productType = "com.apple.product-type.bundle.ui-testing";
		};
/* End PBXNativeTarget section */

/* Begin PBXProject section */
		6564DA0525FA7A9200B31619 /* Project object */ = {
			isa = PBXProject;
			attributes = {
				LastSwiftUpdateCheck = 1170;
				LastUpgradeCheck = 1170;
				ORGANIZATIONNAME = "Daniel Rivera";
				TargetAttributes = {
					6564DA0C25FA7A9300B31619 = {
						CreatedOnToolsVersion = 11.7;
					};
					6564DA2225FA7A9B00B31619 = {
						CreatedOnToolsVersion = 11.7;
						TestTargetID = 6564DA0C25FA7A9300B31619;
					};
					6564DA2D25FA7A9B00B31619 = {
						CreatedOnToolsVersion = 11.7;
						TestTargetID = 6564DA0C25FA7A9300B31619;
					};
				};
			};
			buildConfigurationList = 6564DA0825FA7A9200B31619 /* Build configuration list for PBXProject "List Ranker" */;
			compatibilityVersion = "Xcode 9.3";
			developmentRegion = en;
			hasScannedForEncodings = 0;
			knownRegions = (
				en,
				Base,
			);
			mainGroup = 6564DA0425FA7A9200B31619;
			productRefGroup = 6564DA0E25FA7A9300B31619 /* Products */;
			projectDirPath = "";
			projectRoot = "";
			targets = (
				6564DA0C25FA7A9300B31619 /* List Ranker */,
				6564DA2225FA7A9B00B31619 /* List RankerTests */,
				6564DA2D25FA7A9B00B31619 /* List RankerUITests */,
			);
		};
/* End PBXProject section */

/* Begin PBXResourcesBuildPhase section */
		6564DA0B25FA7A9300B31619 /* Resources */ = {
			isa = PBXResourcesBuildPhase;
			buildActionMask = 2147483647;
			files = (
				6564DA1D25FA7A9A00B31619 /* LaunchScreen.storyboard in Resources */,
				6564DA1A25FA7A9A00B31619 /* Assets.xcassets in Resources */,
				658A1778263DA55200A4F63E /* ListCollectionViewCell.xib in Resources */,
				6564DA1825FA7A9300B31619 /* Main.storyboard in Resources */,
			);
			runOnlyForDeploymentPostprocessing = 0;
		};
		6564DA2125FA7A9B00B31619 /* Resources */ = {
			isa = PBXResourcesBuildPhase;
			buildActionMask = 2147483647;
			files = (
			);
			runOnlyForDeploymentPostprocessing = 0;
		};
		6564DA2C25FA7A9B00B31619 /* Resources */ = {
			isa = PBXResourcesBuildPhase;
			buildActionMask = 2147483647;
			files = (
			);
			runOnlyForDeploymentPostprocessing = 0;
		};
/* End PBXResourcesBuildPhase section */

/* Begin PBXShellScriptBuildPhase section */
		8A5F464C6C8B19A392CA43A7 /* [CP] Check Pods Manifest.lock */ = {
			isa = PBXShellScriptBuildPhase;
			buildActionMask = 2147483647;
			files = (
			);
			inputFileListPaths = (
			);
			inputPaths = (
				"${PODS_PODFILE_DIR_PATH}/Podfile.lock",
				"${PODS_ROOT}/Manifest.lock",
			);
			name = "[CP] Check Pods Manifest.lock";
			outputFileListPaths = (
			);
			outputPaths = (
				"$(DERIVED_FILE_DIR)/Pods-List Ranker-checkManifestLockResult.txt",
			);
			runOnlyForDeploymentPostprocessing = 0;
			shellPath = /bin/sh;
			shellScript = "diff \"${PODS_PODFILE_DIR_PATH}/Podfile.lock\" \"${PODS_ROOT}/Manifest.lock\" > /dev/null\nif [ $? != 0 ] ; then\n    # print error to STDERR\n    echo \"error: The sandbox is not in sync with the Podfile.lock. Run 'pod install' or update your CocoaPods installation.\" >&2\n    exit 1\nfi\n# This output is used by Xcode 'outputs' to avoid re-running this script phase.\necho \"SUCCESS\" > \"${SCRIPT_OUTPUT_FILE_0}\"\n";
			showEnvVarsInLog = 0;
		};
		E475ABC7449E74D3D9DE519B /* [CP] Embed Pods Frameworks */ = {
			isa = PBXShellScriptBuildPhase;
			buildActionMask = 2147483647;
			files = (
			);
			inputFileListPaths = (
				"${PODS_ROOT}/Target Support Files/Pods-List Ranker/Pods-List Ranker-frameworks-${CONFIGURATION}-input-files.xcfilelist",
			);
			name = "[CP] Embed Pods Frameworks";
			outputFileListPaths = (
				"${PODS_ROOT}/Target Support Files/Pods-List Ranker/Pods-List Ranker-frameworks-${CONFIGURATION}-output-files.xcfilelist",
			);
			runOnlyForDeploymentPostprocessing = 0;
			shellPath = /bin/sh;
			shellScript = "\"${PODS_ROOT}/Target Support Files/Pods-List Ranker/Pods-List Ranker-frameworks.sh\"\n";
			showEnvVarsInLog = 0;
		};
/* End PBXShellScriptBuildPhase section */

/* Begin PBXSourcesBuildPhase section */
		6564DA0925FA7A9300B31619 /* Sources */ = {
			isa = PBXSourcesBuildPhase;
			buildActionMask = 2147483647;
			files = (
				6564DA1525FA7A9300B31619 /* CollectViewController.swift in Sources */,
				6564DA1125FA7A9300B31619 /* AppDelegate.swift in Sources */,
				6564DA4F25FA9D2000B31619 /* ComparisonViewController.swift in Sources */,
				6564DA4D25FA9CF800B31619 /* ListEntryTableViewController.swift in Sources */,
				65CBCE8726449B0C00FE5CBA /* LoadListViewController.swift in Sources */,
				6564DA4925FA9C7300B31619 /* HomePageViewController.swift in Sources */,
				6564DA4B25FA9CD400B31619 /* OptionsViewController.swift in Sources */,
				658A1777263DA55200A4F63E /* ListCollectionViewCell.swift in Sources */,
				6564DA4725FA7C1600B31619 /* BinaryTree.swift in Sources */,
				6564DA1325FA7A9300B31619 /* SceneDelegate.swift in Sources */,
				6564DA57260BC29800B31619 /* RankedTableViewController.swift in Sources */,
				658A1774263CA97E00A4F63E /* SavedList.swift in Sources */,
				6564DA4525FA7BD500B31619 /* Node.swift in Sources */,
			);
			runOnlyForDeploymentPostprocessing = 0;
		};
		6564DA1F25FA7A9B00B31619 /* Sources */ = {
			isa = PBXSourcesBuildPhase;
			buildActionMask = 2147483647;
			files = (
				6564DA2825FA7A9B00B31619 /* List_RankerTests.swift in Sources */,
			);
			runOnlyForDeploymentPostprocessing = 0;
		};
		6564DA2A25FA7A9B00B31619 /* Sources */ = {
			isa = PBXSourcesBuildPhase;
			buildActionMask = 2147483647;
			files = (
				6564DA3325FA7A9B00B31619 /* List_RankerUITests.swift in Sources */,
			);
			runOnlyForDeploymentPostprocessing = 0;
		};
/* End PBXSourcesBuildPhase section */

/* Begin PBXTargetDependency section */
		6564DA2525FA7A9B00B31619 /* PBXTargetDependency */ = {
			isa = PBXTargetDependency;
			target = 6564DA0C25FA7A9300B31619 /* List Ranker */;
			targetProxy = 6564DA2425FA7A9B00B31619 /* PBXContainerItemProxy */;
		};
		6564DA3025FA7A9B00B31619 /* PBXTargetDependency */ = {
			isa = PBXTargetDependency;
			target = 6564DA0C25FA7A9300B31619 /* List Ranker */;
			targetProxy = 6564DA2F25FA7A9B00B31619 /* PBXContainerItemProxy */;
		};
/* End PBXTargetDependency section */

/* Begin PBXVariantGroup section */
		6564DA1625FA7A9300B31619 /* Main.storyboard */ = {
			isa = PBXVariantGroup;
			children = (
				6564DA1725FA7A9300B31619 /* Base */,
			);
			name = Main.storyboard;
			sourceTree = "<group>";
		};
		6564DA1B25FA7A9A00B31619 /* LaunchScreen.storyboard */ = {
			isa = PBXVariantGroup;
			children = (
				6564DA1C25FA7A9A00B31619 /* Base */,
			);
			name = LaunchScreen.storyboard;
			sourceTree = "<group>";
		};
/* End PBXVariantGroup section */

/* Begin XCBuildConfiguration section */
		6564DA3525FA7A9B00B31619 /* Debug */ = {
			isa = XCBuildConfiguration;
			buildSettings = {
				ALWAYS_SEARCH_USER_PATHS = NO;
				CLANG_ANALYZER_NONNULL = YES;
				CLANG_ANALYZER_NUMBER_OBJECT_CONVERSION = YES_AGGRESSIVE;
				CLANG_CXX_LANGUAGE_STANDARD = "gnu++14";
				CLANG_CXX_LIBRARY = "libc++";
				CLANG_ENABLE_MODULES = YES;
				CLANG_ENABLE_OBJC_ARC = YES;
				CLANG_ENABLE_OBJC_WEAK = YES;
				CLANG_WARN_BLOCK_CAPTURE_AUTORELEASING = YES;
				CLANG_WARN_BOOL_CONVERSION = YES;
				CLANG_WARN_COMMA = YES;
				CLANG_WARN_CONSTANT_CONVERSION = YES;
				CLANG_WARN_DEPRECATED_OBJC_IMPLEMENTATIONS = YES;
				CLANG_WARN_DIRECT_OBJC_ISA_USAGE = YES_ERROR;
				CLANG_WARN_DOCUMENTATION_COMMENTS = YES;
				CLANG_WARN_EMPTY_BODY = YES;
				CLANG_WARN_ENUM_CONVERSION = YES;
				CLANG_WARN_INFINITE_RECURSION = YES;
				CLANG_WARN_INT_CONVERSION = YES;
				CLANG_WARN_NON_LITERAL_NULL_CONVERSION = YES;
				CLANG_WARN_OBJC_IMPLICIT_RETAIN_SELF = YES;
				CLANG_WARN_OBJC_LITERAL_CONVERSION = YES;
				CLANG_WARN_OBJC_ROOT_CLASS = YES_ERROR;
				CLANG_WARN_RANGE_LOOP_ANALYSIS = YES;
				CLANG_WARN_STRICT_PROTOTYPES = YES;
				CLANG_WARN_SUSPICIOUS_MOVE = YES;
				CLANG_WARN_UNGUARDED_AVAILABILITY = YES_AGGRESSIVE;
				CLANG_WARN_UNREACHABLE_CODE = YES;
				CLANG_WARN__DUPLICATE_METHOD_MATCH = YES;
				COPY_PHASE_STRIP = NO;
				DEBUG_INFORMATION_FORMAT = dwarf;
				ENABLE_STRICT_OBJC_MSGSEND = YES;
				ENABLE_TESTABILITY = YES;
				GCC_C_LANGUAGE_STANDARD = gnu11;
				GCC_DYNAMIC_NO_PIC = NO;
				GCC_NO_COMMON_BLOCKS = YES;
				GCC_OPTIMIZATION_LEVEL = 0;
				GCC_PREPROCESSOR_DEFINITIONS = (
					"DEBUG=1",
					"$(inherited)",
				);
				GCC_WARN_64_TO_32_BIT_CONVERSION = YES;
				GCC_WARN_ABOUT_RETURN_TYPE = YES_ERROR;
				GCC_WARN_UNDECLARED_SELECTOR = YES;
				GCC_WARN_UNINITIALIZED_AUTOS = YES_AGGRESSIVE;
				GCC_WARN_UNUSED_FUNCTION = YES;
				GCC_WARN_UNUSED_VARIABLE = YES;
				IPHONEOS_DEPLOYMENT_TARGET = 13.7;
				MTL_ENABLE_DEBUG_INFO = INCLUDE_SOURCE;
				MTL_FAST_MATH = YES;
				ONLY_ACTIVE_ARCH = YES;
				SDKROOT = iphoneos;
				SWIFT_ACTIVE_COMPILATION_CONDITIONS = DEBUG;
				SWIFT_OPTIMIZATION_LEVEL = "-Onone";
			};
			name = Debug;
		};
		6564DA3625FA7A9B00B31619 /* Release */ = {
			isa = XCBuildConfiguration;
			buildSettings = {
				ALWAYS_SEARCH_USER_PATHS = NO;
				CLANG_ANALYZER_NONNULL = YES;
				CLANG_ANALYZER_NUMBER_OBJECT_CONVERSION = YES_AGGRESSIVE;
				CLANG_CXX_LANGUAGE_STANDARD = "gnu++14";
				CLANG_CXX_LIBRARY = "libc++";
				CLANG_ENABLE_MODULES = YES;
				CLANG_ENABLE_OBJC_ARC = YES;
				CLANG_ENABLE_OBJC_WEAK = YES;
				CLANG_WARN_BLOCK_CAPTURE_AUTORELEASING = YES;
				CLANG_WARN_BOOL_CONVERSION = YES;
				CLANG_WARN_COMMA = YES;
				CLANG_WARN_CONSTANT_CONVERSION = YES;
				CLANG_WARN_DEPRECATED_OBJC_IMPLEMENTATIONS = YES;
				CLANG_WARN_DIRECT_OBJC_ISA_USAGE = YES_ERROR;
				CLANG_WARN_DOCUMENTATION_COMMENTS = YES;
				CLANG_WARN_EMPTY_BODY = YES;
				CLANG_WARN_ENUM_CONVERSION = YES;
				CLANG_WARN_INFINITE_RECURSION = YES;
				CLANG_WARN_INT_CONVERSION = YES;
				CLANG_WARN_NON_LITERAL_NULL_CONVERSION = YES;
				CLANG_WARN_OBJC_IMPLICIT_RETAIN_SELF = YES;
				CLANG_WARN_OBJC_LITERAL_CONVERSION = YES;
				CLANG_WARN_OBJC_ROOT_CLASS = YES_ERROR;
				CLANG_WARN_RANGE_LOOP_ANALYSIS = YES;
				CLANG_WARN_STRICT_PROTOTYPES = YES;
				CLANG_WARN_SUSPICIOUS_MOVE = YES;
				CLANG_WARN_UNGUARDED_AVAILABILITY = YES_AGGRESSIVE;
				CLANG_WARN_UNREACHABLE_CODE = YES;
				CLANG_WARN__DUPLICATE_METHOD_MATCH = YES;
				COPY_PHASE_STRIP = NO;
				DEBUG_INFORMATION_FORMAT = "dwarf-with-dsym";
				ENABLE_NS_ASSERTIONS = NO;
				ENABLE_STRICT_OBJC_MSGSEND = YES;
				GCC_C_LANGUAGE_STANDARD = gnu11;
				GCC_NO_COMMON_BLOCKS = YES;
				GCC_WARN_64_TO_32_BIT_CONVERSION = YES;
				GCC_WARN_ABOUT_RETURN_TYPE = YES_ERROR;
				GCC_WARN_UNDECLARED_SELECTOR = YES;
				GCC_WARN_UNINITIALIZED_AUTOS = YES_AGGRESSIVE;
				GCC_WARN_UNUSED_FUNCTION = YES;
				GCC_WARN_UNUSED_VARIABLE = YES;
				IPHONEOS_DEPLOYMENT_TARGET = 13.7;
				MTL_ENABLE_DEBUG_INFO = NO;
				MTL_FAST_MATH = YES;
				SDKROOT = iphoneos;
				SWIFT_COMPILATION_MODE = wholemodule;
				SWIFT_OPTIMIZATION_LEVEL = "-O";
				VALIDATE_PRODUCT = YES;
			};
			name = Release;
		};
		6564DA3825FA7A9B00B31619 /* Debug */ = {
			isa = XCBuildConfiguration;
			baseConfigurationReference = 73DFCF6045047536E00512C2 /* Pods-List Ranker.debug.xcconfig */;
			buildSettings = {
				ASSETCATALOG_COMPILER_APPICON_NAME = AppIcon;
				CODE_SIGN_STYLE = Automatic;
				DEVELOPMENT_TEAM = 97YC5Y3SEZ;
				INFOPLIST_FILE = "List Ranker/Info.plist";
				LD_RUNPATH_SEARCH_PATHS = (
					"$(inherited)",
					"@executable_path/Frameworks",
				);
				PRODUCT_BUNDLE_IDENTIFIER = "com.DanielRivera.List-Ranker";
				PRODUCT_NAME = "$(TARGET_NAME)";
				SWIFT_VERSION = 5.0;
				TARGETED_DEVICE_FAMILY = "1,2";
			};
			name = Debug;
		};
		6564DA3925FA7A9B00B31619 /* Release */ = {
			isa = XCBuildConfiguration;
			baseConfigurationReference = AEC234B1A4094A8A2843CF8F /* Pods-List Ranker.release.xcconfig */;
			buildSettings = {
				ASSETCATALOG_COMPILER_APPICON_NAME = AppIcon;
				CODE_SIGN_STYLE = Automatic;
				DEVELOPMENT_TEAM = 97YC5Y3SEZ;
				INFOPLIST_FILE = "List Ranker/Info.plist";
				LD_RUNPATH_SEARCH_PATHS = (
					"$(inherited)",
					"@executable_path/Frameworks",
				);
				PRODUCT_BUNDLE_IDENTIFIER = "com.DanielRivera.List-Ranker";
				PRODUCT_NAME = "$(TARGET_NAME)";
				SWIFT_VERSION = 5.0;
				TARGETED_DEVICE_FAMILY = "1,2";
			};
			name = Release;
		};
		6564DA3B25FA7A9B00B31619 /* Debug */ = {
			isa = XCBuildConfiguration;
			buildSettings = {
				ALWAYS_EMBED_SWIFT_STANDARD_LIBRARIES = YES;
				BUNDLE_LOADER = "$(TEST_HOST)";
				CODE_SIGN_STYLE = Automatic;
				DEVELOPMENT_TEAM = 97YC5Y3SEZ;
				INFOPLIST_FILE = "List RankerTests/Info.plist";
				IPHONEOS_DEPLOYMENT_TARGET = 13.7;
				LD_RUNPATH_SEARCH_PATHS = (
					"$(inherited)",
					"@executable_path/Frameworks",
					"@loader_path/Frameworks",
				);
				PRODUCT_BUNDLE_IDENTIFIER = "com.DanielRivera.List-RankerTests";
				PRODUCT_NAME = "$(TARGET_NAME)";
				SWIFT_VERSION = 5.0;
				TARGETED_DEVICE_FAMILY = "1,2";
				TEST_HOST = "$(BUILT_PRODUCTS_DIR)/List Ranker.app/List Ranker";
			};
			name = Debug;
		};
		6564DA3C25FA7A9B00B31619 /* Release */ = {
			isa = XCBuildConfiguration;
			buildSettings = {
				ALWAYS_EMBED_SWIFT_STANDARD_LIBRARIES = YES;
				BUNDLE_LOADER = "$(TEST_HOST)";
				CODE_SIGN_STYLE = Automatic;
				DEVELOPMENT_TEAM = 97YC5Y3SEZ;
				INFOPLIST_FILE = "List RankerTests/Info.plist";
				IPHONEOS_DEPLOYMENT_TARGET = 13.7;
				LD_RUNPATH_SEARCH_PATHS = (
					"$(inherited)",
					"@executable_path/Frameworks",
					"@loader_path/Frameworks",
				);
				PRODUCT_BUNDLE_IDENTIFIER = "com.DanielRivera.List-RankerTests";
				PRODUCT_NAME = "$(TARGET_NAME)";
				SWIFT_VERSION = 5.0;
				TARGETED_DEVICE_FAMILY = "1,2";
				TEST_HOST = "$(BUILT_PRODUCTS_DIR)/List Ranker.app/List Ranker";
			};
			name = Release;
		};
		6564DA3E25FA7A9B00B31619 /* Debug */ = {
			isa = XCBuildConfiguration;
			buildSettings = {
				ALWAYS_EMBED_SWIFT_STANDARD_LIBRARIES = YES;
				CODE_SIGN_STYLE = Automatic;
				DEVELOPMENT_TEAM = 97YC5Y3SEZ;
				INFOPLIST_FILE = "List RankerUITests/Info.plist";
				LD_RUNPATH_SEARCH_PATHS = (
					"$(inherited)",
					"@executable_path/Frameworks",
					"@loader_path/Frameworks",
				);
				PRODUCT_BUNDLE_IDENTIFIER = "com.DanielRivera.List-RankerUITests";
				PRODUCT_NAME = "$(TARGET_NAME)";
				SWIFT_VERSION = 5.0;
				TARGETED_DEVICE_FAMILY = "1,2";
				TEST_TARGET_NAME = "List Ranker";
			};
			name = Debug;
		};
		6564DA3F25FA7A9B00B31619 /* Release */ = {
			isa = XCBuildConfiguration;
			buildSettings = {
				ALWAYS_EMBED_SWIFT_STANDARD_LIBRARIES = YES;
				CODE_SIGN_STYLE = Automatic;
				DEVELOPMENT_TEAM = 97YC5Y3SEZ;
				INFOPLIST_FILE = "List RankerUITests/Info.plist";
				LD_RUNPATH_SEARCH_PATHS = (
					"$(inherited)",
					"@executable_path/Frameworks",
					"@loader_path/Frameworks",
				);
				PRODUCT_BUNDLE_IDENTIFIER = "com.DanielRivera.List-RankerUITests";
				PRODUCT_NAME = "$(TARGET_NAME)";
				SWIFT_VERSION = 5.0;
				TARGETED_DEVICE_FAMILY = "1,2";
				TEST_TARGET_NAME = "List Ranker";
			};
			name = Release;
		};
/* End XCBuildConfiguration section */

/* Begin XCConfigurationList section */
		6564DA0825FA7A9200B31619 /* Build configuration list for PBXProject "List Ranker" */ = {
			isa = XCConfigurationList;
			buildConfigurations = (
				6564DA3525FA7A9B00B31619 /* Debug */,
				6564DA3625FA7A9B00B31619 /* Release */,
			);
			defaultConfigurationIsVisible = 0;
			defaultConfigurationName = Release;
		};
		6564DA3725FA7A9B00B31619 /* Build configuration list for PBXNativeTarget "List Ranker" */ = {
			isa = XCConfigurationList;
			buildConfigurations = (
				6564DA3825FA7A9B00B31619 /* Debug */,
				6564DA3925FA7A9B00B31619 /* Release */,
			);
			defaultConfigurationIsVisible = 0;
			defaultConfigurationName = Release;
		};
		6564DA3A25FA7A9B00B31619 /* Build configuration list for PBXNativeTarget "List RankerTests" */ = {
			isa = XCConfigurationList;
			buildConfigurations = (
				6564DA3B25FA7A9B00B31619 /* Debug */,
				6564DA3C25FA7A9B00B31619 /* Release */,
			);
			defaultConfigurationIsVisible = 0;
			defaultConfigurationName = Release;
		};
		6564DA3D25FA7A9B00B31619 /* Build configuration list for PBXNativeTarget "List RankerUITests" */ = {
			isa = XCConfigurationList;
			buildConfigurations = (
				6564DA3E25FA7A9B00B31619 /* Debug */,
				6564DA3F25FA7A9B00B31619 /* Release */,
			);
			defaultConfigurationIsVisible = 0;
			defaultConfigurationName = Release;
		};
/* End XCConfigurationList section */
	};
	rootObject = 6564DA0525FA7A9200B31619 /* Project object */;
}
